
Microsoft Visual Studio Solution File, Format Version 12.00
# Visual Studio 2013
VisualStudioVersion = 12.0.40629.0
MinimumVisualStudioVersion = 10.0.40219.1
Project("{FAE04EC0-301F-11D3-BF4B-00C04F79EFBC}") = "ADO.NET练习1", "ADO.NET练习1\ADO.NET练习1.csproj", "{C45DB606-697C-49A6-B9D3-97A476066EC6}"
EndProject
Project("{FAE04EC0-301F-11D3-BF4B-00C04F79EFBC}") = "学生信息管理", "学生信息管理\学生信息管理.csproj", "{9C5B63CA-C5C3-4261-B916-14BAA32A1E21}"
EndProject
Project("{FAE04EC0-301F-11D3-BF4B-00C04F79EFBC}") = "人物信息管理", "人物信息管理\人物信息管理.csproj", "{BA056BBF-8875-420B-9D79-EF63FE18CD84}"
EndProject
Project("{FAE04EC0-301F-11D3-BF4B-00C04F79EFBC}") = "省市递归", "省市递归\省市递归.csproj", "{B9CC2885-CFCA-49D8-A2A0-8797A5836F9F}"
EndProject
Global
	GlobalSection(SolutionConfigurationPlatforms) = preSolution
		Debug|Any CPU = Debug|Any CPU
		Release|Any CPU = Release|Any CPU
	EndGlobalSection
	GlobalSection(ProjectConfigurationPlatforms) = postSolution
		{C45DB606-697C-49A6-B9D3-97A476066EC6}.Debug|Any CPU.ActiveCfg = Debug|Any CPU
		{C45DB606-697C-49A6-B9D3-97A476066EC6}.Debug|Any CPU.Build.0 = Debug|Any CPU
		{C45DB606-697C-49A6-B9D3-97A476066EC6}.Release|Any CPU.ActiveCfg = Release|Any CPU
		{C45DB606-697C-49A6-B9D3-97A476066EC6}.Release|Any CPU.Build.0 = Release|Any CPU
		{9C5B63CA-C5C3-4261-B916-14BAA32A1E21}.Debug|Any CPU.ActiveCfg = Debug|Any CPU
		{9C5B63CA-C5C3-4261-B916-14BAA32A1E21}.Debug|Any CPU.Build.0 = Debug|Any CPU
		{9C5B63CA-C5C3-4261-B916-14BAA32A1E21}.Release|Any CPU.ActiveCfg = Release|Any CPU
		{9C5B63CA-C5C3-4261-B916-14BAA32A1E21}.Release|Any CPU.Build.0 = Release|Any CPU
		{BA056BBF-8875-420B-9D79-EF63FE18CD84}.Debug|Any CPU.ActiveCfg = Debug|Any CPU
		{BA056BBF-8875-420B-9D79-EF63FE18CD84}.Debug|Any CPU.Build.0 = Debug|Any CPU
		{BA056BBF-8875-420B-9D79-EF63FE18CD84}.Release|Any CPU.ActiveCfg = Release|Any CPU
		{BA056BBF-8875-420B-9D79-EF63FE18CD84}.Release|Any CPU.Build.0 = Release|Any CPU
		{B9CC2885-CFCA-49D8-A2A0-8797A5836F9F}.Debug|Any CPU.ActiveCfg = Debug|Any CPU
		{B9CC2885-CFCA-49D8-A2A0-8797A5836F9F}.Debug|Any CPU.Build.0 = Debug|Any CPU
		{B9CC2885-CFCA-49D8-A2A0-8797A5836F9F}.Release|Any CPU.ActiveCfg = Release|Any CPU
		{B9CC2885-CFCA-49D8-A2A0-8797A5836F9F}.Release|Any CPU.Build.0 = Release|Any CPU
	EndGlobalSection
	GlobalSection(SolutionProperties) = preSolution
		HideSolutionNode = FALSE
	EndGlobalSection
EndGlobal
