
Microsoft Visual Studio Solution File, Format Version 12.00
# Visual Studio 2013
VisualStudioVersion = 12.0.40629.0
MinimumVisualStudioVersion = 10.0.40219.1
Project("{FAE04EC0-301F-11D3-BF4B-00C04F79EFBC}") = "ADO.NET练习1", "ADO.NET练习1\ADO.NET练习1.csproj", "{C45DB606-697C-49A6-B9D3-97A476066EC6}"
EndProject
Project("{FAE04EC0-301F-11D3-BF4B-00C04F79EFBC}") = "学生信息管理", "学生信息管理\学生信息管理.csproj", "{9C5B63CA-C5C3-4261-B916-14BAA32A1E21}"
EndProject
Project("{FAE04EC0-301F-11D3-BF4B-00C04F79EFBC}") = "人物信息管理", "人物信息管理\人物信息管理.csproj", "{BA056BBF-8875-420B-9D79-EF63FE18CD84}"
EndProject
Project("{FAE04EC0-301F-11D3-BF4B-00C04F79EFBC}") = "省市递归", "省市递归\省市递归.csproj", "{B9CC2885-CFCA-49D8-A2A0-8797A5836F9F}"
EndProject
Project("{FAE04EC0-301F-11D3-BF4B-00C04F79EFBC}") = "资源管理器", "资源管理器\资源管理器.csproj", "{7F7D11FB-7EE9-43DA-97C4-11035D7AC74B}"
EndProject
Project("{FAE04EC0-301F-11D3-BF4B-00C04F79EFBC}") = "DataSet和DataTable", "DataSet和DataTable\DataSet和DataTable.csproj", "{2CF29223-EC14-4111-8F25-0C5AF5D725C2}"
EndProject
Project("{FAE04EC0-301F-11D3-BF4B-00C04F79EFBC}") = "电话本管理程序", "电话本管理程序\电话本管理程序.csproj", "{34C9625D-1713-4FF0-8F04-1B8794708513}"
EndProject
Project("{FAE04EC0-301F-11D3-BF4B-00C04F79EFBC}") = "地区表分页显示", "地区表分页显示\地区表分页显示.csproj", "{77DD113F-D52C-4E3F-B9D0-34AD75E25DFD}"
EndProject
Project("{FAE04EC0-301F-11D3-BF4B-00C04F79EFBC}") = "银行事务转账", "银行事务转账\银行事务转账.csproj", "{94097F94-2914-4EA0-86AB-09EC5821F396}"
EndProject
Project("{FAE04EC0-301F-11D3-BF4B-00C04F79EFBC}") = "查询字符串拼接", "查询字符串拼接\查询字符串拼接.csproj", "{58706AE2-C31F-486B-A090-B640476061F4}"
EndProject
Project("{FAE04EC0-301F-11D3-BF4B-00C04F79EFBC}") = "日记系统", "日记系统\日记系统.csproj", "{78315658-F64C-4A13-B2DD-ABBE419BC902}"
EndProject
Global
	GlobalSection(SolutionConfigurationPlatforms) = preSolution
		Debug|Any CPU = Debug|Any CPU
		Release|Any CPU = Release|Any CPU
	EndGlobalSection
	GlobalSection(ProjectConfigurationPlatforms) = postSolution
		{C45DB606-697C-49A6-B9D3-97A476066EC6}.Debug|Any CPU.ActiveCfg = Debug|Any CPU
		{C45DB606-697C-49A6-B9D3-97A476066EC6}.Debug|Any CPU.Build.0 = Debug|Any CPU
		{C45DB606-697C-49A6-B9D3-97A476066EC6}.Release|Any CPU.ActiveCfg = Release|Any CPU
		{C45DB606-697C-49A6-B9D3-97A476066EC6}.Release|Any CPU.Build.0 = Release|Any CPU
		{9C5B63CA-C5C3-4261-B916-14BAA32A1E21}.Debug|Any CPU.ActiveCfg = Debug|Any CPU
		{9C5B63CA-C5C3-4261-B916-14BAA32A1E21}.Debug|Any CPU.Build.0 = Debug|Any CPU
		{9C5B63CA-C5C3-4261-B916-14BAA32A1E21}.Release|Any CPU.ActiveCfg = Release|Any CPU
		{9C5B63CA-C5C3-4261-B916-14BAA32A1E21}.Release|Any CPU.Build.0 = Release|Any CPU
		{BA056BBF-8875-420B-9D79-EF63FE18CD84}.Debug|Any CPU.ActiveCfg = Debug|Any CPU
		{BA056BBF-8875-420B-9D79-EF63FE18CD84}.Debug|Any CPU.Build.0 = Debug|Any CPU
		{BA056BBF-8875-420B-9D79-EF63FE18CD84}.Release|Any CPU.ActiveCfg = Release|Any CPU
		{BA056BBF-8875-420B-9D79-EF63FE18CD84}.Release|Any CPU.Build.0 = Release|Any CPU
		{B9CC2885-CFCA-49D8-A2A0-8797A5836F9F}.Debug|Any CPU.ActiveCfg = Debug|Any CPU
		{B9CC2885-CFCA-49D8-A2A0-8797A5836F9F}.Debug|Any CPU.Build.0 = Debug|Any CPU
		{B9CC2885-CFCA-49D8-A2A0-8797A5836F9F}.Release|Any CPU.ActiveCfg = Release|Any CPU
		{B9CC2885-CFCA-49D8-A2A0-8797A5836F9F}.Release|Any CPU.Build.0 = Release|Any CPU
		{7F7D11FB-7EE9-43DA-97C4-11035D7AC74B}.Debug|Any CPU.ActiveCfg = Debug|Any CPU
		{7F7D11FB-7EE9-43DA-97C4-11035D7AC74B}.Debug|Any CPU.Build.0 = Debug|Any CPU
		{7F7D11FB-7EE9-43DA-97C4-11035D7AC74B}.Release|Any CPU.ActiveCfg = Release|Any CPU
		{7F7D11FB-7EE9-43DA-97C4-11035D7AC74B}.Release|Any CPU.Build.0 = Release|Any CPU
		{2CF29223-EC14-4111-8F25-0C5AF5D725C2}.Debug|Any CPU.ActiveCfg = Debug|Any CPU
		{2CF29223-EC14-4111-8F25-0C5AF5D725C2}.Debug|Any CPU.Build.0 = Debug|Any CPU
		{2CF29223-EC14-4111-8F25-0C5AF5D725C2}.Release|Any CPU.ActiveCfg = Release|Any CPU
		{2CF29223-EC14-4111-8F25-0C5AF5D725C2}.Release|Any CPU.Build.0 = Release|Any CPU
		{34C9625D-1713-4FF0-8F04-1B8794708513}.Debug|Any CPU.ActiveCfg = Debug|Any CPU
		{34C9625D-1713-4FF0-8F04-1B8794708513}.Debug|Any CPU.Build.0 = Debug|Any CPU
		{34C9625D-1713-4FF0-8F04-1B8794708513}.Release|Any CPU.ActiveCfg = Release|Any CPU
		{34C9625D-1713-4FF0-8F04-1B8794708513}.Release|Any CPU.Build.0 = Release|Any CPU
		{77DD113F-D52C-4E3F-B9D0-34AD75E25DFD}.Debug|Any CPU.ActiveCfg = Debug|Any CPU
		{77DD113F-D52C-4E3F-B9D0-34AD75E25DFD}.Debug|Any CPU.Build.0 = Debug|Any CPU
		{77DD113F-D52C-4E3F-B9D0-34AD75E25DFD}.Release|Any CPU.ActiveCfg = Release|Any CPU
		{77DD113F-D52C-4E3F-B9D0-34AD75E25DFD}.Release|Any CPU.Build.0 = Release|Any CPU
		{94097F94-2914-4EA0-86AB-09EC5821F396}.Debug|Any CPU.ActiveCfg = Debug|Any CPU
		{94097F94-2914-4EA0-86AB-09EC5821F396}.Debug|Any CPU.Build.0 = Debug|Any CPU
		{94097F94-2914-4EA0-86AB-09EC5821F396}.Release|Any CPU.ActiveCfg = Release|Any CPU
		{94097F94-2914-4EA0-86AB-09EC5821F396}.Release|Any CPU.Build.0 = Release|Any CPU
		{58706AE2-C31F-486B-A090-B640476061F4}.Debug|Any CPU.ActiveCfg = Debug|Any CPU
		{58706AE2-C31F-486B-A090-B640476061F4}.Debug|Any CPU.Build.0 = Debug|Any CPU
		{58706AE2-C31F-486B-A090-B640476061F4}.Release|Any CPU.ActiveCfg = Release|Any CPU
		{58706AE2-C31F-486B-A090-B640476061F4}.Release|Any CPU.Build.0 = Release|Any CPU
		{78315658-F64C-4A13-B2DD-ABBE419BC902}.Debug|Any CPU.ActiveCfg = Debug|Any CPU
		{78315658-F64C-4A13-B2DD-ABBE419BC902}.Debug|Any CPU.Build.0 = Debug|Any CPU
		{78315658-F64C-4A13-B2DD-ABBE419BC902}.Release|Any CPU.ActiveCfg = Release|Any CPU
		{78315658-F64C-4A13-B2DD-ABBE419BC902}.Release|Any CPU.Build.0 = Release|Any CPU
	EndGlobalSection
	GlobalSection(SolutionProperties) = preSolution
		HideSolutionNode = FALSE
	EndGlobalSection
EndGlobal
